
Microsoft Visual Studio Solution File, Format Version 12.00
# Visual Studio Version 17
VisualStudioVersion = 17.12.35707.178
MinimumVisualStudioVersion = 10.0.40219.1
Project("{FAE04EC0-301F-11D3-BF4B-00C04F79EFBC}") = "prueba_tecnica", "prueba_tecnica\prueba_tecnica.csproj", "{9F38BCBD-CCB7-454E-A02F-B266888AC8D2}"
EndProject
Project("{FAE04EC0-301F-11D3-BF4B-00C04F79EFBC}") = "MyBankingApp.Domain", "MyBankingApp.Domain\MyBankingApp.Domain.csproj", "{39631BAD-0154-48F8-93C6-DADE3D168A14}"
EndProject
Project("{FAE04EC0-301F-11D3-BF4B-00C04F79EFBC}") = "MyBankingApp.Application", "MyBankingApp.Application\MyBankingApp.Application.csproj", "{78E01733-17BE-4BDA-A39F-E8470ABDDC75}"
EndProject
Project("{FAE04EC0-301F-11D3-BF4B-00C04F79EFBC}") = "MyBankingApp.Infrastructure", "MyBankingApp.Infrastructure\MyBankingApp.Infrastructure.csproj", "{DFC00DAC-B65A-4D98-85A7-AB73C8BB09BF}"
EndProject
Project("{FAE04EC0-301F-11D3-BF4B-00C04F79EFBC}") = "MyBankingApp.Tests", "MyBankingApp.Tests\MyBankingApp.Tests.csproj", "{A85BE17C-5D87-4B9A-A7B0-96F5C791BCAA}"
EndProject
Global
	GlobalSection(SolutionConfigurationPlatforms) = preSolution
		Debug|Any CPU = Debug|Any CPU
		Release|Any CPU = Release|Any CPU
	EndGlobalSection
	GlobalSection(ProjectConfigurationPlatforms) = postSolution
		{9F38BCBD-CCB7-454E-A02F-B266888AC8D2}.Debug|Any CPU.ActiveCfg = Debug|Any CPU
		{9F38BCBD-CCB7-454E-A02F-B266888AC8D2}.Debug|Any CPU.Build.0 = Debug|Any CPU
		{9F38BCBD-CCB7-454E-A02F-B266888AC8D2}.Release|Any CPU.ActiveCfg = Release|Any CPU
		{9F38BCBD-CCB7-454E-A02F-B266888AC8D2}.Release|Any CPU.Build.0 = Release|Any CPU
		{39631BAD-0154-48F8-93C6-DADE3D168A14}.Debug|Any CPU.ActiveCfg = Debug|Any CPU
		{39631BAD-0154-48F8-93C6-DADE3D168A14}.Debug|Any CPU.Build.0 = Debug|Any CPU
		{39631BAD-0154-48F8-93C6-DADE3D168A14}.Release|Any CPU.ActiveCfg = Release|Any CPU
		{39631BAD-0154-48F8-93C6-DADE3D168A14}.Release|Any CPU.Build.0 = Release|Any CPU
		{78E01733-17BE-4BDA-A39F-E8470ABDDC75}.Debug|Any CPU.ActiveCfg = Debug|Any CPU
		{78E01733-17BE-4BDA-A39F-E8470ABDDC75}.Debug|Any CPU.Build.0 = Debug|Any CPU
		{78E01733-17BE-4BDA-A39F-E8470ABDDC75}.Release|Any CPU.ActiveCfg = Release|Any CPU
		{78E01733-17BE-4BDA-A39F-E8470ABDDC75}.Release|Any CPU.Build.0 = Release|Any CPU
		{DFC00DAC-B65A-4D98-85A7-AB73C8BB09BF}.Debug|Any CPU.ActiveCfg = Debug|Any CPU
		{DFC00DAC-B65A-4D98-85A7-AB73C8BB09BF}.Debug|Any CPU.Build.0 = Debug|Any CPU
		{DFC00DAC-B65A-4D98-85A7-AB73C8BB09BF}.Release|Any CPU.ActiveCfg = Release|Any CPU
		{DFC00DAC-B65A-4D98-85A7-AB73C8BB09BF}.Release|Any CPU.Build.0 = Release|Any CPU
		{A85BE17C-5D87-4B9A-A7B0-96F5C791BCAA}.Debug|Any CPU.ActiveCfg = Debug|Any CPU
		{A85BE17C-5D87-4B9A-A7B0-96F5C791BCAA}.Debug|Any CPU.Build.0 = Debug|Any CPU
		{A85BE17C-5D87-4B9A-A7B0-96F5C791BCAA}.Release|Any CPU.ActiveCfg = Release|Any CPU
		{A85BE17C-5D87-4B9A-A7B0-96F5C791BCAA}.Release|Any CPU.Build.0 = Release|Any CPU
	EndGlobalSection
	GlobalSection(SolutionProperties) = preSolution
		HideSolutionNode = FALSE
	EndGlobalSection
EndGlobal
